
Microsoft Visual Studio Solution File, Format Version 12.00
# Visual Studio Version 16
VisualStudioVersion = 16.0.30413.136
MinimumVisualStudioVersion = 10.0.40219.1
Project("{8BC9CEB8-8B4A-11D0-8D11-00A0C91BC942}") = "openCVProject", "openCVProject.vcxproj", "{B13EF49E-1B5E-4BF4-8BE5-6C50B0694CD4}"
EndProject
Global
	GlobalSection(SolutionConfigurationPlatforms) = preSolution
		Debug|x64 = Debug|x64
		Debug|x86 = Debug|x86
		Release|x64 = Release|x64
		Release|x86 = Release|x86
	EndGlobalSection
	GlobalSection(ProjectConfigurationPlatforms) = postSolution
		{B13EF49E-1B5E-4BF4-8BE5-6C50B0694CD4}.Debug|x64.ActiveCfg = Debug|x64
		{B13EF49E-1B5E-4BF4-8BE5-6C50B0694CD4}.Debug|x64.Build.0 = Debug|x64
		{B13EF49E-1B5E-4BF4-8BE5-6C50B0694CD4}.Debug|x86.ActiveCfg = Debug|Win32
		{B13EF49E-1B5E-4BF4-8BE5-6C50B0694CD4}.Debug|x86.Build.0 = Debug|Win32
		{B13EF49E-1B5E-4BF4-8BE5-6C50B0694CD4}.Release|x64.ActiveCfg = Release|x64
		{B13EF49E-1B5E-4BF4-8BE5-6C50B0694CD4}.Release|x64.Build.0 = Release|x64
		{B13EF49E-1B5E-4BF4-8BE5-6C50B0694CD4}.Release|x86.ActiveCfg = Release|Win32
		{B13EF49E-1B5E-4BF4-8BE5-6C50B0694CD4}.Release|x86.Build.0 = Release|Win32
	EndGlobalSection
	GlobalSection(SolutionProperties) = preSolution
		HideSolutionNode = FALSE
	EndGlobalSection
	GlobalSection(ExtensibilityGlobals) = postSolution
		SolutionGuid = {88898B4C-B145-4166-B02F-2205CF4A0B03}
	EndGlobalSection
EndGlobal
